// !$*UTF8*$!
{
	archiveVersion = 1;
	classes = {
	};
	objectVersion = 46;
	objects = {

/* Begin PBXFileReference section */
		E47B0C2F1E5A165E00D904EE /* acano */ = {isa = PBXFileReference; lastKnownFileType = folder; path = acano; sourceTree = "<group>"; };
		E47B0C301E5A165E00D904EE /* acano_tsp.py */ = {isa = PBXFileReference; lastKnownFileType = text.script.python; path = acano_tsp.py; sourceTree = "<group>"; };
		E47B0C311E5A165E00D904EE /* acano_tspWorker.py */ = {isa = PBXFileReference; lastKnownFileType = text.script.python; path = acano_tspWorker.py; sourceTree = "<group>"; };
		E47B0C321E5A165E00D904EE /* acano_tspWorker.pyc */ = {isa = PBXFileReference; lastKnownFileType = file; path = acano_tspWorker.pyc; sourceTree = "<group>"; };
		E47B0C331E5A165E00D904EE /* cms */ = {isa = PBXFileReference; lastKnownFileType = folder; path = cms; sourceTree = "<group>"; };
/* End PBXFileReference section */

/* Begin PBXGroup section */
		E47B0C281E5A15D900D904EE = {
			isa = PBXGroup;
			children = (
				E47B0C2F1E5A165E00D904EE /* acano */,
				E47B0C301E5A165E00D904EE /* acano_tsp.py */,
				E47B0C311E5A165E00D904EE /* acano_tspWorker.py */,
				E47B0C321E5A165E00D904EE /* acano_tspWorker.pyc */,
				E47B0C331E5A165E00D904EE /* cms */,
			);
			sourceTree = "<group>";
		};
/* End PBXGroup section */

/* Begin PBXProject section */
		E47B0C291E5A15D900D904EE /* Project object */ = {
			isa = PBXProject;
			attributes = {
				LastUpgradeCheck = 0820;
			};
			buildConfigurationList = E47B0C2C1E5A15D900D904EE /* Build configuration list for PBXProject "WebExTSP4CMS" */;
			compatibilityVersion = "Xcode 3.2";
			developmentRegion = English;
			hasScannedForEncodings = 0;
			knownRegions = (
				en,
			);
			mainGroup = E47B0C281E5A15D900D904EE;
			projectDirPath = "";
			projectRoot = "";
			targets = (
			);
		};
/* End PBXProject section */

/* Begin XCBuildConfiguration section */
		E47B0C2D1E5A15D900D904EE /* Debug */ = {
			isa = XCBuildConfiguration;
			buildSettings = {
			};
			name = Debug;
		};
		E47B0C2E1E5A15D900D904EE /* Release */ = {
			isa = XCBuildConfiguration;
			buildSettings = {
			};
			name = Release;
		};
/* End XCBuildConfiguration section */

/* Begin XCConfigurationList section */
		E47B0C2C1E5A15D900D904EE /* Build configuration list for PBXProject "WebExTSP4CMS" */ = {
			isa = XCConfigurationList;
			buildConfigurations = (
				E47B0C2D1E5A15D900D904EE /* Debug */,
				E47B0C2E1E5A15D900D904EE /* Release */,
			);
			defaultConfigurationIsVisible = 0;
			defaultConfigurationName = Release;
		};
/* End XCConfigurationList section */
	};
	rootObject = E47B0C291E5A15D900D904EE /* Project object */;
}
